
Microsoft Visual Studio Solution File, Format Version 12.00
# Visual Studio 15
VisualStudioVersion = 15.0.27130.0
MinimumVisualStudioVersion = 10.0.40219.1
Project("{FAE04EC0-301F-11D3-BF4B-00C04F79EFBC}") = "WPFMessageBox", "WPFMessageBox\WPFMessageBox.csproj", "{D258D06B-5D86-4415-A242-453C18E4DE28}"
EndProject
Global
	GlobalSection(SolutionConfigurationPlatforms) = preSolution
		Debug|Any CPU = Debug|Any CPU
		Release|Any CPU = Release|Any CPU
	EndGlobalSection
	GlobalSection(ProjectConfigurationPlatforms) = postSolution
		{D258D06B-5D86-4415-A242-453C18E4DE28}.Debug|Any CPU.ActiveCfg = Debug|Any CPU
		{D258D06B-5D86-4415-A242-453C18E4DE28}.Debug|Any CPU.Build.0 = Debug|Any CPU
		{D258D06B-5D86-4415-A242-453C18E4DE28}.Release|Any CPU.ActiveCfg = Release|Any CPU
		{D258D06B-5D86-4415-A242-453C18E4DE28}.Release|Any CPU.Build.0 = Release|Any CPU
	EndGlobalSection
	GlobalSection(SolutionProperties) = preSolution
		HideSolutionNode = FALSE
	EndGlobalSection
	GlobalSection(ExtensibilityGlobals) = postSolution
		SolutionGuid = {0072B67E-EE90-4C04-B9A7-B220AA948F2F}
	EndGlobalSection
EndGlobal
